github.com/barnybug/go-cast v0.0.0-20190910160619-d2aa97f56d4e h1:TZmO6QG4I7KEkFkhdqZyBKy0w0Tryj86PlU2Esu6nIE=
github.com/barnybug/go-cast v0.0.0-20190910160619-d2aa97f56d4e/go.mod h1:a0BMCP1cILkrVyN1md3tv0IH3NMelzmBKHHPSDNLyFs=
github.com/davecgh/go-spew v1.1.1 h1:vj9j/u1bqnvCEfJOwUhtlOARqs3+rkHYY13jYWTU97c=
github.com/davecgh/go-spew v1.1.1/go.mod h1:J7Y8YcW2NihsgmVo/mv3lAwl/skON4iLHjSsI+c5H38=
github.com/eure/bobo v0.0.1 h1:JJeuhp21MS+g6S2WZMMy0OT8yr3BCrgg2X66PH0w8LA=
github.com/eure/bobo v0.0.1/go.mod h1:GfT49bmXcMIq8sTAUgq+8+kmVLgdGmZn+1Jm9iEQG5A=
github.com/eure/bobo v0.0.2 h1:IN3ba9WJEQ6POgN5xWHTenD7FHDZ2YUk/4kADcV/xnE=
github.com/eure/bobo v0.0.2/go.mod h1:GfT49bmXcMIq8sTAUgq+8+kmVLgdGmZn+1Jm9iEQG5A=
github.com/eure/bobo-googlehome v0.0.2 h1:7fhcnIKh9ZGkQ+BvHxJ5a2xxzfJRxeVSMyyy4eCZWvA=
github.com/eure/bobo-googlehome v0.0.2/go.mod h1:eIUmA6VRTvt2br8HhvjHscV8s5KKICd1OOykeWBmqu0=
github.com/evalphobia/google-home-client-go v0.1.1 h1:RWxOgTZDsQjwFuoVSYXmniuraHCjkXgqWel/6Ry4b00=
github.com/evalphobia/google-home-client-go v0.1.1/go.mod h1:/vCjpVEbpPcaXP4r8NO4eejLFpxNtk2lGC5kDJVMimQ=
github.com/evalphobia/google-tts-go v0.3.0 h1:oE0wUXSsnLLj0Isz6P88fmfSOc078GreT0yj+RsWOGQ=
github.com/evalphobia/google-tts-go v0.3.0/go.mod h1:7Q5qLC9Y5eUrI7BiATXPnApxXkRtHCzOwsTw999jbcQ=
github.com/gogo/protobuf v1.3.1 h1:DqDEcV5aeaTmdFBePNpYsp3FlcVH/2ISVVM9Qf8PSls=
github.com/gogo/protobuf v1.3.1/go.mod h1:SlYgWuQ5SjCEi6WLHjHCa1yvBfUnHcTbrrZtXPKa29o=
github.com/gorilla/websocket v1.2.0 h1:VJtLvh6VQym50czpZzx07z/kw9EgAxI3x1ZB8taTMQQ=
github.com/gorilla/websocket v1.2.0/go.mod h1:E7qHFY5m1UJ88s3WnNqhKjPHQ0heANvMoAMk2YaljkQ=
github.com/kisielk/errcheck v1.2.0/go.mod h1:/BMXB+zMLi60iA8Vv6Ksmxu/1UDYcXs4uQLJ+jE2L00=
github.com/kisielk/gotool v1.0.0/go.mod h1:XhKaO+MFFWcvkIS/tQcRk01m1F5IRFswLeQ+oQHNcck=
github.com/nlopes/slack v0.6.1-0.20191106133607-d06c2a2b3249 h1:Pr5gZa2VcmktVwq0lyC39MsN5tz356vC/pQHKvq+QBo=
github.com/nlopes/slack v0.6.1-0.20191106133607-d06c2a2b3249/go.mod h1:JzQ9m3PMAqcpeCam7UaHSuBuupz7CmpjehYMayT6YOk=
github.com/pkg/errors v0.8.0 h1:WdK/asTD0HN+q6hsWO3/vpuAkAr+tw6aNJNDFFf0+qw=
github.com/pkg/errors v0.8.0/go.mod h1:bwawxfHBFNV+L2hUp1rHADufV3IMtnDRdf1r5NINEl0=
github.com/pmezard/go-difflib v1.0.0 h1:4DBwDE0NGyQoBHbLQYPwSUPoCMWR5BEzIk/f1lZbAQM=
github.com/pmezard/go-difflib v1.0.0/go.mod h1:iKH77koFhYxTK1pcRnkKkqfTogsbg7gZNVY4sRDYZ/4=
github.com/stretchr/testify v1.2.2 h1:bSDNvY7ZPG5RlJ8otE/7V6gMiyenm9RtJ7IUVIAoJ1w=
github.com/stretchr/testify v1.2.2/go.mod h1:a8OnRcib4nhh0OaRAV+Yts87kKdq0PP7pXfy6kDkUVs=
golang.org/x/crypto v0.0.0-20190308221718-c2843e01d9a2/go.mod h1:djNgcEr1/C05ACkg1iLfiJU5Ep61QUkGW8qpdssI0+w=
golang.org/x/net v0.0.0-20191209160850-c0dbc17a3553 h1:efeOvDhwQ29Dj3SdAV/MJf8oukgn+8D8WgaCaRMchF8=
golang.org/x/net v0.0.0-20191209160850-c0dbc17a3553/go.mod h1:z5CRVTTTmAJ677TzLLGU+0bjPO0LkuOLi4/5GtJWs/s=
golang.org/x/sys v0.0.0-20190215142949-d0b11bdaac8a/go.mod h1:STP8DvDyc/dI5b8T5hshtkjS+E42TnysNCUPdjciGhY=
golang.org/x/text v0.3.0/go.mod h1:NqM8EUOU14njkJ3fqMW+pc6Ldnwhi/IjpwHt7yyuwOQ=
golang.org/x/tools v0.0.0-20181030221726-6c7e314b6563/go.mod h1:n7NCudcB/nEzxVGmLbDWY5pfWTLqBcC2KZ6jyYvM4mQ=
